
Microsoft Visual Studio Solution File, Format Version 12.00
# Visual Studio 15
VisualStudioVersion = 15.0.27703.2035
MinimumVisualStudioVersion = 10.0.40219.1
Project("{8BC9CEB8-8B4A-11D0-8D11-00A0C91BC942}") = "random 4loop num", "random 4loop num\random 4loop num.vcxproj", "{54C8FBC8-FE1F-4482-94F7-1029C44652BF}"
EndProject
Global
	GlobalSection(SolutionConfigurationPlatforms) = preSolution
		Debug|x64 = Debug|x64
		Debug|x86 = Debug|x86
		Release|x64 = Release|x64
		Release|x86 = Release|x86
	EndGlobalSection
	GlobalSection(ProjectConfigurationPlatforms) = postSolution
		{54C8FBC8-FE1F-4482-94F7-1029C44652BF}.Debug|x64.ActiveCfg = Debug|x64
		{54C8FBC8-FE1F-4482-94F7-1029C44652BF}.Debug|x64.Build.0 = Debug|x64
		{54C8FBC8-FE1F-4482-94F7-1029C44652BF}.Debug|x86.ActiveCfg = Debug|Win32
		{54C8FBC8-FE1F-4482-94F7-1029C44652BF}.Debug|x86.Build.0 = Debug|Win32
		{54C8FBC8-FE1F-4482-94F7-1029C44652BF}.Release|x64.ActiveCfg = Release|x64
		{54C8FBC8-FE1F-4482-94F7-1029C44652BF}.Release|x64.Build.0 = Release|x64
		{54C8FBC8-FE1F-4482-94F7-1029C44652BF}.Release|x86.ActiveCfg = Release|Win32
		{54C8FBC8-FE1F-4482-94F7-1029C44652BF}.Release|x86.Build.0 = Release|Win32
	EndGlobalSection
	GlobalSection(SolutionProperties) = preSolution
		HideSolutionNode = FALSE
	EndGlobalSection
	GlobalSection(ExtensibilityGlobals) = postSolution
		SolutionGuid = {80505443-CCB5-4EBB-BC13-68B0830E836F}
	EndGlobalSection
EndGlobal
